
Microsoft Visual Studio Solution File, Format Version 12.00
# Visual Studio Version 16
VisualStudioVersion = 16.0.29926.136
MinimumVisualStudioVersion = 10.0.40219.1
Project("{FAE04EC0-301F-11D3-BF4B-00C04F79EFBC}") = "RabbitMQApplication", "RabbitMQApplication\RabbitMQApplication.csproj", "{1143B9E4-8E04-4434-8C14-120471553797}"
EndProject
Project("{FAE04EC0-301F-11D3-BF4B-00C04F79EFBC}") = "RabbitMQDomain", "RabbitMQDomain\RabbitMQDomain.csproj", "{35B227FF-E26F-483F-BE28-99527ABC1247}"
EndProject
Project("{FAE04EC0-301F-11D3-BF4B-00C04F79EFBC}") = "RabbitMQWorker", "RabbitMQWorker\RabbitMQWorker.csproj", "{43FD1649-CFCD-44D5-AE8F-42E090E32954}"
EndProject
Global
	GlobalSection(SolutionConfigurationPlatforms) = preSolution
		Debug|Any CPU = Debug|Any CPU
		Release|Any CPU = Release|Any CPU
	EndGlobalSection
	GlobalSection(ProjectConfigurationPlatforms) = postSolution
		{1143B9E4-8E04-4434-8C14-120471553797}.Debug|Any CPU.ActiveCfg = Debug|Any CPU
		{1143B9E4-8E04-4434-8C14-120471553797}.Debug|Any CPU.Build.0 = Debug|Any CPU
		{1143B9E4-8E04-4434-8C14-120471553797}.Release|Any CPU.ActiveCfg = Release|Any CPU
		{1143B9E4-8E04-4434-8C14-120471553797}.Release|Any CPU.Build.0 = Release|Any CPU
		{35B227FF-E26F-483F-BE28-99527ABC1247}.Debug|Any CPU.ActiveCfg = Debug|Any CPU
		{35B227FF-E26F-483F-BE28-99527ABC1247}.Debug|Any CPU.Build.0 = Debug|Any CPU
		{35B227FF-E26F-483F-BE28-99527ABC1247}.Release|Any CPU.ActiveCfg = Release|Any CPU
		{35B227FF-E26F-483F-BE28-99527ABC1247}.Release|Any CPU.Build.0 = Release|Any CPU
		{43FD1649-CFCD-44D5-AE8F-42E090E32954}.Debug|Any CPU.ActiveCfg = Debug|Any CPU
		{43FD1649-CFCD-44D5-AE8F-42E090E32954}.Debug|Any CPU.Build.0 = Debug|Any CPU
		{43FD1649-CFCD-44D5-AE8F-42E090E32954}.Release|Any CPU.ActiveCfg = Release|Any CPU
		{43FD1649-CFCD-44D5-AE8F-42E090E32954}.Release|Any CPU.Build.0 = Release|Any CPU
	EndGlobalSection
	GlobalSection(SolutionProperties) = preSolution
		HideSolutionNode = FALSE
	EndGlobalSection
	GlobalSection(ExtensibilityGlobals) = postSolution
		SolutionGuid = {2A1BDC41-82A1-45DA-81F8-63DCE093B4D3}
	EndGlobalSection
EndGlobal
